
Microsoft Visual Studio Solution File, Format Version 10.00
# Visual Studio 2008
Project("{8BC9CEB8-8B4A-11D0-8D11-00A0C91BC942}") = "CarShapeIdentify", "CarShapeIdentify\CarShapeIdentify.vcproj", "{95DAE97D-35E5-4EEA-BEE3-698B783CD655}"
EndProject
Global
	GlobalSection(SolutionConfigurationPlatforms) = preSolution
		Debug|Win32 = Debug|Win32
		Release|Win32 = Release|Win32
	EndGlobalSection
	GlobalSection(ProjectConfigurationPlatforms) = postSolution
		{95DAE97D-35E5-4EEA-BEE3-698B783CD655}.Debug|Win32.ActiveCfg = Debug|Win32
		{95DAE97D-35E5-4EEA-BEE3-698B783CD655}.Debug|Win32.Build.0 = Debug|Win32
		{95DAE97D-35E5-4EEA-BEE3-698B783CD655}.Release|Win32.ActiveCfg = Release|Win32
		{95DAE97D-35E5-4EEA-BEE3-698B783CD655}.Release|Win32.Build.0 = Release|Win32
	EndGlobalSection
	GlobalSection(SolutionProperties) = preSolution
		HideSolutionNode = FALSE
	EndGlobalSection
EndGlobal
